NeoBundleLock caw.vim 8a85fa8ff26ea60afd4bf9400cfc2263be127d51
NeoBundleLock emmet-vim 44906fb16eb276622f1b8dbb3ab3062310a5b34c
NeoBundleLock neobundle.vim 88951d60547595606ea0ca8f28f643d2506f2714
NeoBundleLock nerdtree eee431dbd44111c858c6d33ffd366cae1f17f8b3
NeoBundleLock rust.vim 59e5e2f8b7df21eb438124b95c7295da9c53e1d7
NeoBundleLock vim-slim df26386b46b455f0c837c3ba30d1771204f209ca
